{
  "name": "texttospech",
  "version": "1.0.0",
  "lockfileVersion": 3,
  "requires": true,
  "packages": {
    "": {
      "name": "texttospech",
      "version": "1.0.0",
      "license": "ISC",
      "dependencies": {
        "web-reader": "^0.1.0"
      }
    },
    "node_modules/damerau-levenshtein": {
      "version": "0.0.1",
      "resolved": "git+ssh://git@github.com/cbaatz/damerau-levenshtein.git#8d7440a51ae9dc6912e44385115c7cb1da4e8ebc"
    },
    "node_modules/web-reader": {
      "version": "0.1.0",
      "resolved": "https://registry.npmjs.org/web-reader/-/web-reader-0.1.0.tgz",
      "integrity": "sha512-QYwkVKB3hn4/QTNnJHT8ko72ABJLogeNm2nDSbN2q3CZGL+ar3szRRP8pTyoyhGcuvYPT01xh389XK7/vJ4BVQ==",
      "dependencies": {
        "damerau-levenshtein": "git://github.com/cbaatz/damerau-levenshtein.git"
      }
    }
  }
}
